
Microsoft Visual Studio Solution File, Format Version 12.00
# Visual Studio Version 16
VisualStudioVersion = 16.0.31410.357
MinimumVisualStudioVersion = 10.0.40219.1
Project("{9A19103F-16F7-4668-BE54-9A1E7A4F7556}") = "Patent", "Patent\Patent.csproj", "{1BC66BD8-0C67-4AFA-A157-9F59E38C95FB}"
EndProject
Project("{9A19103F-16F7-4668-BE54-9A1E7A4F7556}") = "PatentCore", "PatentCore\PatentCore.csproj", "{FC3D7327-8720-4F10-9F37-4BFA8B2DAD54}"
EndProject
Global
	GlobalSection(SolutionConfigurationPlatforms) = preSolution
		Debug|Any CPU = Debug|Any CPU
		Release|Any CPU = Release|Any CPU
	EndGlobalSection
	GlobalSection(ProjectConfigurationPlatforms) = postSolution
		{1BC66BD8-0C67-4AFA-A157-9F59E38C95FB}.Debug|Any CPU.ActiveCfg = Debug|Any CPU
		{1BC66BD8-0C67-4AFA-A157-9F59E38C95FB}.Debug|Any CPU.Build.0 = Debug|Any CPU
		{1BC66BD8-0C67-4AFA-A157-9F59E38C95FB}.Release|Any CPU.ActiveCfg = Release|Any CPU
		{1BC66BD8-0C67-4AFA-A157-9F59E38C95FB}.Release|Any CPU.Build.0 = Release|Any CPU
		{FC3D7327-8720-4F10-9F37-4BFA8B2DAD54}.Debug|Any CPU.ActiveCfg = Debug|Any CPU
		{FC3D7327-8720-4F10-9F37-4BFA8B2DAD54}.Debug|Any CPU.Build.0 = Debug|Any CPU
		{FC3D7327-8720-4F10-9F37-4BFA8B2DAD54}.Release|Any CPU.ActiveCfg = Release|Any CPU
		{FC3D7327-8720-4F10-9F37-4BFA8B2DAD54}.Release|Any CPU.Build.0 = Release|Any CPU
	EndGlobalSection
	GlobalSection(SolutionProperties) = preSolution
		HideSolutionNode = FALSE
	EndGlobalSection
	GlobalSection(ExtensibilityGlobals) = postSolution
		SolutionGuid = {37C89E5D-CD5D-4434-8FB1-F201FB3B828E}
	EndGlobalSection
EndGlobal
